
Microsoft Visual Studio Solution File, Format Version 12.00
# Visual Studio Version 17
VisualStudioVersion = 17.3.32825.248
MinimumVisualStudioVersion = 10.0.40219.1
Project("{FAE04EC0-301F-11D3-BF4B-00C04F79EFBC}") = "Practicas CodeWars", "Practicas CodeWars\Practicas CodeWars.csproj", "{28691EB8-5B63-4988-9743-6F8A95AD3859}"
EndProject
Global
	GlobalSection(SolutionConfigurationPlatforms) = preSolution
		Debug|Any CPU = Debug|Any CPU
		Release|Any CPU = Release|Any CPU
	EndGlobalSection
	GlobalSection(ProjectConfigurationPlatforms) = postSolution
		{28691EB8-5B63-4988-9743-6F8A95AD3859}.Debug|Any CPU.ActiveCfg = Debug|Any CPU
		{28691EB8-5B63-4988-9743-6F8A95AD3859}.Debug|Any CPU.Build.0 = Debug|Any CPU
		{28691EB8-5B63-4988-9743-6F8A95AD3859}.Release|Any CPU.ActiveCfg = Release|Any CPU
		{28691EB8-5B63-4988-9743-6F8A95AD3859}.Release|Any CPU.Build.0 = Release|Any CPU
	EndGlobalSection
	GlobalSection(SolutionProperties) = preSolution
		HideSolutionNode = FALSE
	EndGlobalSection
	GlobalSection(ExtensibilityGlobals) = postSolution
		SolutionGuid = {CC8F3EF5-5930-476B-8D02-DE2C0884A5D3}
	EndGlobalSection
EndGlobal
